
Microsoft Visual Studio Solution File, Format Version 12.00
# Visual Studio Version 17
VisualStudioVersion = 17.5.33627.172
MinimumVisualStudioVersion = 10.0.40219.1
Project("{FAE04EC0-301F-11D3-BF4B-00C04F79EFBC}") = "CuantasBancarias", "CuantasBancarias.csproj", "{B48EC9FB-1B7B-48B2-B310-3EE29D1D828D}"
EndProject
Global
	GlobalSection(SolutionConfigurationPlatforms) = preSolution
		Debug|Any CPU = Debug|Any CPU
		Release|Any CPU = Release|Any CPU
	EndGlobalSection
	GlobalSection(ProjectConfigurationPlatforms) = postSolution
		{B48EC9FB-1B7B-48B2-B310-3EE29D1D828D}.Debug|Any CPU.ActiveCfg = Debug|Any CPU
		{B48EC9FB-1B7B-48B2-B310-3EE29D1D828D}.Debug|Any CPU.Build.0 = Debug|Any CPU
		{B48EC9FB-1B7B-48B2-B310-3EE29D1D828D}.Release|Any CPU.ActiveCfg = Release|Any CPU
		{B48EC9FB-1B7B-48B2-B310-3EE29D1D828D}.Release|Any CPU.Build.0 = Release|Any CPU
	EndGlobalSection
	GlobalSection(SolutionProperties) = preSolution
		HideSolutionNode = FALSE
	EndGlobalSection
	GlobalSection(ExtensibilityGlobals) = postSolution
		SolutionGuid = {F7717E4E-03D3-4EEC-9DF1-D945B3C3D1CB}
	EndGlobalSection
EndGlobal
